
Microsoft Visual Studio Solution File, Format Version 12.00
# Visual Studio Version 16
VisualStudioVersion = 16.0.31105.61
MinimumVisualStudioVersion = 10.0.40219.1
Project("{FAE04EC0-301F-11D3-BF4B-00C04F79EFBC}") = "DataSavior", "DataSavior\DataSavior.csproj", "{48BFA315-160D-41A1-8EEF-3EC47B3711AB}"
EndProject
Global
	GlobalSection(SolutionConfigurationPlatforms) = preSolution
		Debug|Any CPU = Debug|Any CPU
		Release|Any CPU = Release|Any CPU
	EndGlobalSection
	GlobalSection(ProjectConfigurationPlatforms) = postSolution
		{48BFA315-160D-41A1-8EEF-3EC47B3711AB}.Debug|Any CPU.ActiveCfg = Debug|Any CPU
		{48BFA315-160D-41A1-8EEF-3EC47B3711AB}.Debug|Any CPU.Build.0 = Debug|Any CPU
		{48BFA315-160D-41A1-8EEF-3EC47B3711AB}.Release|Any CPU.ActiveCfg = Release|Any CPU
		{48BFA315-160D-41A1-8EEF-3EC47B3711AB}.Release|Any CPU.Build.0 = Release|Any CPU
	EndGlobalSection
	GlobalSection(SolutionProperties) = preSolution
		HideSolutionNode = FALSE
	EndGlobalSection
	GlobalSection(ExtensibilityGlobals) = postSolution
		SolutionGuid = {FF4F8BDA-B123-4842-A451-7AE99E7D2BFD}
	EndGlobalSection
EndGlobal
